
Microsoft Visual Studio Solution File, Format Version 12.00
# Visual Studio Version 17
VisualStudioVersion = 17.8.34511.84
MinimumVisualStudioVersion = 10.0.40219.1
Project("{9A19103F-16F7-4668-BE54-9A1E7A4F7556}") = "Dom6AiTester", "Dom6AiTester\Dom6AiTester.csproj", "{69789AFB-E681-4ED3-B60D-75FB5AAE691D}"
EndProject
Global
	GlobalSection(SolutionConfigurationPlatforms) = preSolution
		Debug|Any CPU = Debug|Any CPU
		Release|Any CPU = Release|Any CPU
	EndGlobalSection
	GlobalSection(ProjectConfigurationPlatforms) = postSolution
		{69789AFB-E681-4ED3-B60D-75FB5AAE691D}.Debug|Any CPU.ActiveCfg = Debug|Any CPU
		{69789AFB-E681-4ED3-B60D-75FB5AAE691D}.Debug|Any CPU.Build.0 = Debug|Any CPU
		{69789AFB-E681-4ED3-B60D-75FB5AAE691D}.Release|Any CPU.ActiveCfg = Release|Any CPU
		{69789AFB-E681-4ED3-B60D-75FB5AAE691D}.Release|Any CPU.Build.0 = Release|Any CPU
	EndGlobalSection
	GlobalSection(SolutionProperties) = preSolution
		HideSolutionNode = FALSE
	EndGlobalSection
	GlobalSection(ExtensibilityGlobals) = postSolution
		SolutionGuid = {DBE39C76-F824-494B-9EBA-93BA70B2D257}
	EndGlobalSection
EndGlobal
